[[package]]
name = "falcon"
version = "2.0.0"
description = "An unladen web framework for building APIs and app backends."
category = "main"
optional = false
python-versions = ">=2.7, !=3.0.*, !=3.1.*, !=3.2.*, !=3.3.*"

[metadata]
lock-version = "1.1"
python-versions = "^3.8.6"
content-hash = "c2d1efb3c689c540226ff6087504f9c335811ae8bdf4e7184da9bc88b079efed"

[metadata.files]
falcon = [
    {file = "falcon-2.0.0-cp27-cp27m-manylinux1_i686.whl", hash = "sha256:733033ec80c896e30a43ab3e776856096836787197a44eb21022320a61311983"},
    {file = "falcon-2.0.0-cp27-cp27m-manylinux1_x86_64.whl", hash = "sha256:f93351459f110b4c1ee28556aef9a791832df6f910bea7b3f616109d534df06b"},
    {file = "falcon-2.0.0-cp27-cp27mu-manylinux1_i686.whl", hash = "sha256:e9efa0791b5d9f9dd9689015ea6bce0a27fcd5ecbcd30e6d940bffa4f7f03389"},
    {file = "falcon-2.0.0-cp27-cp27mu-manylinux1_x86_64.whl", hash = "sha256:59d1e8c993b9a37ea06df9d72cf907a46cc8063b30717cdac2f34d1658b6f936"},
    {file = "falcon-2.0.0-cp34-cp34m-manylinux1_i686.whl", hash = "sha256:a5ebb22a04c9cc65081938ee7651b4e3b4d2a28522ea8ec04c7bdd2b3e9e8cd8"},
    {file = "falcon-2.0.0-cp34-cp34m-manylinux1_x86_64.whl", hash = "sha256:95bf6ce986c1119aef12c9b348f4dee9c6dcc58391bdd0bc2b0bf353c2b15986"},
    {file = "falcon-2.0.0-cp35-cp35m-manylinux1_i686.whl", hash = "sha256:aa184895d1ad4573fbfaaf803563d02f019ebdf4790e41cc568a330607eae439"},
    {file = "falcon-2.0.0-cp35-cp35m-manylinux1_x86_64.whl", hash = "sha256:74cf1d18207381c665b9e6292d65100ce146d958707793174b03869dc6e614f4"},
    {file = "falcon-2.0.0-cp36-cp36m-manylinux1_i686.whl", hash = "sha256:24adcd2b29a8ffa9d552dc79638cd21736a3fb04eda7d102c6cebafdaadb88ad"},
    {file = "falcon-2.0.0-cp36-cp36m-manylinux1_x86_64.whl", hash = "sha256:18157af2a4fc3feedf2b5dcc6196f448639acf01c68bc33d4d5a04c3ef87f494"},
    {file = "falcon-2.0.0-cp37-cp37m-manylinux1_i686.whl", hash = "sha256:e3782b7b92fefd46a6ad1fd8fe63fe6c6f1b7740a95ca56957f48d1aee34b357"},
    {file = "falcon-2.0.0-cp37-cp37m-manylinux1_x86_64.whl", hash = "sha256:9712975adcf8c6e12876239085ad757b8fdeba223d46d23daef82b47658f83a9"},
    {file = "falcon-2.0.0-py2.py3-none-any.whl", hash = "sha256:54f2cb4b687035b2a03206dbfc538055cc48b59a953187b0458aa1b574d47b53"},
    {file = "falcon-2.0.0.tar.gz", hash = "sha256:eea593cf466b9c126ce667f6d30503624ef24459f118c75594a69353b6c3d5fc"},
]
